
Microsoft Visual Studio Solution File, Format Version 12.00
# Visual Studio Version 16
VisualStudioVersion = 16.0.29613.14
MinimumVisualStudioVersion = 10.0.40219.1
Project("{FAE04EC0-301F-11D3-BF4B-00C04F79EFBC}") = "Spirometer", "Spirometer\Spirometer.csproj", "{F09796BA-CE03-4948-9159-41DA8D54C03F}"
	ProjectSection(ProjectDependencies) = postProject
		{516A2F34-03B6-4BC5-AEBF-24F935E16437} = {516A2F34-03B6-4BC5-AEBF-24F935E16437}
	EndProjectSection
EndProject
Project("{FAE04EC0-301F-11D3-BF4B-00C04F79EFBC}") = "PulmonaryFunctionLib", "PulmonaryFunctionLib\PulmonaryFunctionLib.csproj", "{516A2F34-03B6-4BC5-AEBF-24F935E16437}"
EndProject
Global
	GlobalSection(SolutionConfigurationPlatforms) = preSolution
		Debug|Any CPU = Debug|Any CPU
		Release|Any CPU = Release|Any CPU
	EndGlobalSection
	GlobalSection(ProjectConfigurationPlatforms) = postSolution
		{F09796BA-CE03-4948-9159-41DA8D54C03F}.Debug|Any CPU.ActiveCfg = Debug|Any CPU
		{F09796BA-CE03-4948-9159-41DA8D54C03F}.Debug|Any CPU.Build.0 = Debug|Any CPU
		{F09796BA-CE03-4948-9159-41DA8D54C03F}.Release|Any CPU.ActiveCfg = Release|Any CPU
		{F09796BA-CE03-4948-9159-41DA8D54C03F}.Release|Any CPU.Build.0 = Release|Any CPU
		{516A2F34-03B6-4BC5-AEBF-24F935E16437}.Debug|Any CPU.ActiveCfg = Debug|Any CPU
		{516A2F34-03B6-4BC5-AEBF-24F935E16437}.Debug|Any CPU.Build.0 = Debug|Any CPU
		{516A2F34-03B6-4BC5-AEBF-24F935E16437}.Release|Any CPU.ActiveCfg = Release|Any CPU
		{516A2F34-03B6-4BC5-AEBF-24F935E16437}.Release|Any CPU.Build.0 = Release|Any CPU
	EndGlobalSection
	GlobalSection(SolutionProperties) = preSolution
		HideSolutionNode = FALSE
	EndGlobalSection
	GlobalSection(ExtensibilityGlobals) = postSolution
		SolutionGuid = {0B89E3EA-E244-49AF-AC30-05AECE76301F}
	EndGlobalSection
EndGlobal
